// !$*UTF8*$!
{
	archiveVersion = 1;
	classes = {
	};
	objectVersion = 56;
	objects = {

/* Begin PBXBuildFile section */
		570FA4EE2BD83E9A00294392 /* CocoaStoreApp.swift in Sources */ = {isa = PBXBuildFile; fileRef = 570FA4ED2BD83E9A00294392 /* CocoaStoreApp.swift */; };
		570FA4F02BD83E9A00294392 /* MainView.swift in Sources */ = {isa = PBXBuildFile; fileRef = 570FA4EF2BD83E9A00294392 /* MainView.swift */; };
		570FA4F22BD83E9C00294392 /* Assets.xcassets in Resources */ = {isa = PBXBuildFile; fileRef = 570FA4F12BD83E9C00294392 /* Assets.xcassets */; };
		570FA4F52BD83E9C00294392 /* Preview Assets.xcassets in Resources */ = {isa = PBXBuildFile; fileRef = 570FA4F42BD83E9C00294392 /* Preview Assets.xcassets */; };
		5789B2242BE2E17100294392 /* SubscriptionIdentifiers.swift in Sources */ = {isa = PBXBuildFile; fileRef = 5789B2232BE2E17100294392 /* SubscriptionIdentifiers.swift */; };
		5789B2262BE2E28700294392 /* EnvironmentValues+Extension.swift in Sources */ = {isa = PBXBuildFile; fileRef = 5789B2252BE2E28700294392 /* EnvironmentValues+Extension.swift */; };
		5789B2282BE2E2C000294392 /* SubscriptionStatus.swift in Sources */ = {isa = PBXBuildFile; fileRef = 5789B2272BE2E2C000294392 /* SubscriptionStatus.swift */; };
		5789B22A2BE2E4CF00294392 /* SubscriptionStatusTaskViewModifier.swift in Sources */ = {isa = PBXBuildFile; fileRef = 5789B2292BE2E4CF00294392 /* SubscriptionStatusTaskViewModifier.swift */; };
		57B60CFB2BDD30BC00294392 /* StoreView.swift in Sources */ = {isa = PBXBuildFile; fileRef = 57B60CFA2BDD30BC00294392 /* StoreView.swift */; };
		57B60CFF2BDD31CC00294392 /* LiveOnStageView.swift in Sources */ = {isa = PBXBuildFile; fileRef = 57B60CFE2BDD31CC00294392 /* LiveOnStageView.swift */; };
		57B60D012BDD327A00294392 /* ProfileView.swift in Sources */ = {isa = PBXBuildFile; fileRef = 57B60D002BDD327A00294392 /* ProfileView.swift */; };
		57B60D042BDD41EA00294392 /* AutoRenewableSubscriptionStoreView.swift in Sources */ = {isa = PBXBuildFile; fileRef = 57B60D032BDD41EA00294392 /* AutoRenewableSubscriptionStoreView.swift */; };
		57B60D072BDD427700294392 /* ConsumablesStoreView.swift in Sources */ = {isa = PBXBuildFile; fileRef = 57B60D062BDD427700294392 /* ConsumablesStoreView.swift */; };
		57DFDBB52BE274D800294392 /* PurchaseManager.swift in Sources */ = {isa = PBXBuildFile; fileRef = 57DFDBB42BE274D800294392 /* PurchaseManager.swift */; };
		57DFDBB72BE2759300294392 /* CocoaStoreViewModifier.swift in Sources */ = {isa = PBXBuildFile; fileRef = 57DFDBB62BE2759300294392 /* CocoaStoreViewModifier.swift */; };
		57DFDBBA2BE275E500294392 /* View+Extension.swift in Sources */ = {isa = PBXBuildFile; fileRef = 57DFDBB92BE275E500294392 /* View+Extension.swift */; };
		57DFDBC12BE2782C00294392 /* ProductID.swift in Sources */ = {isa = PBXBuildFile; fileRef = 57DFDBC02BE2782C00294392 /* ProductID.swift */; };
/* End PBXBuildFile section */

/* Begin PBXFileReference section */
		570FA4EA2BD83E9A00294392 /* CocoaStore.app */ = {isa = PBXFileReference; explicitFileType = wrapper.application; includeInIndex = 0; path = CocoaStore.app; sourceTree = BUILT_PRODUCTS_DIR; };
		570FA4ED2BD83E9A00294392 /* CocoaStoreApp.swift */ = {isa = PBXFileReference; lastKnownFileType = sourcecode.swift; path = CocoaStoreApp.swift; sourceTree = "<group>"; };
		570FA4EF2BD83E9A00294392 /* MainView.swift */ = {isa = PBXFileReference; lastKnownFileType = sourcecode.swift; path = MainView.swift; sourceTree = "<group>"; };
		570FA4F12BD83E9C00294392 /* Assets.xcassets */ = {isa = PBXFileReference; lastKnownFileType = folder.assetcatalog; path = Assets.xcassets; sourceTree = "<group>"; };
		570FA4F42BD83E9C00294392 /* Preview Assets.xcassets */ = {isa = PBXFileReference; lastKnownFileType = folder.assetcatalog; path = "Preview Assets.xcassets"; sourceTree = "<group>"; };
		570FA4FB2BD83FAA00294392 /* CocoaStoreStoreKitConfiguration.storekit */ = {isa = PBXFileReference; lastKnownFileType = text; path = CocoaStoreStoreKitConfiguration.storekit; sourceTree = "<group>"; };
		5789B2232BE2E17100294392 /* SubscriptionIdentifiers.swift */ = {isa = PBXFileReference; lastKnownFileType = sourcecode.swift; path = SubscriptionIdentifiers.swift; sourceTree = "<group>"; };
		5789B2252BE2E28700294392 /* EnvironmentValues+Extension.swift */ = {isa = PBXFileReference; lastKnownFileType = sourcecode.swift; path = "EnvironmentValues+Extension.swift"; sourceTree = "<group>"; };
		5789B2272BE2E2C000294392 /* SubscriptionStatus.swift */ = {isa = PBXFileReference; lastKnownFileType = sourcecode.swift; path = SubscriptionStatus.swift; sourceTree = "<group>"; };
		5789B2292BE2E4CF00294392 /* SubscriptionStatusTaskViewModifier.swift */ = {isa = PBXFileReference; lastKnownFileType = sourcecode.swift; path = SubscriptionStatusTaskViewModifier.swift; sourceTree = "<group>"; };
		57B60CFA2BDD30BC00294392 /* StoreView.swift */ = {isa = PBXFileReference; lastKnownFileType = sourcecode.swift; path = StoreView.swift; sourceTree = "<group>"; };
		57B60CFE2BDD31CC00294392 /* LiveOnStageView.swift */ = {isa = PBXFileReference; lastKnownFileType = sourcecode.swift; path = LiveOnStageView.swift; sourceTree = "<group>"; };
		57B60D002BDD327A00294392 /* ProfileView.swift */ = {isa = PBXFileReference; lastKnownFileType = sourcecode.swift; path = ProfileView.swift; sourceTree = "<group>"; };
		57B60D032BDD41EA00294392 /* AutoRenewableSubscriptionStoreView.swift */ = {isa = PBXFileReference; lastKnownFileType = sourcecode.swift; path = AutoRenewableSubscriptionStoreView.swift; sourceTree = "<group>"; };
		57B60D062BDD427700294392 /* ConsumablesStoreView.swift */ = {isa = PBXFileReference; lastKnownFileType = sourcecode.swift; path = ConsumablesStoreView.swift; sourceTree = "<group>"; };
		57DFDBB42BE274D800294392 /* PurchaseManager.swift */ = {isa = PBXFileReference; lastKnownFileType = sourcecode.swift; path = PurchaseManager.swift; sourceTree = "<group>"; };
		57DFDBB62BE2759300294392 /* CocoaStoreViewModifier.swift */ = {isa = PBXFileReference; lastKnownFileType = sourcecode.swift; path = CocoaStoreViewModifier.swift; sourceTree = "<group>"; };
		57DFDBB92BE275E500294392 /* View+Extension.swift */ = {isa = PBXFileReference; lastKnownFileType = sourcecode.swift; path = "View+Extension.swift"; sourceTree = "<group>"; };
		57DFDBC02BE2782C00294392 /* ProductID.swift */ = {isa = PBXFileReference; lastKnownFileType = sourcecode.swift; path = ProductID.swift; sourceTree = "<group>"; };
/* End PBXFileReference section */

/* Begin PBXFrameworksBuildPhase section */
		570FA4E72BD83E9A00294392 /* Frameworks */ = {
			isa = PBXFrameworksBuildPhase;
			buildActionMask = 2147483647;
			files = (
			);
			runOnlyForDeploymentPostprocessing = 0;
		};
/* End PBXFrameworksBuildPhase section */

/* Begin PBXGroup section */
		570FA4E12BD83E9A00294392 = {
			isa = PBXGroup;
			children = (
				570FA4EC2BD83E9A00294392 /* CocoaStore */,
				570FA4EB2BD83E9A00294392 /* Products */,
			);
			sourceTree = "<group>";
		};
		570FA4EB2BD83E9A00294392 /* Products */ = {
			isa = PBXGroup;
			children = (
				570FA4EA2BD83E9A00294392 /* CocoaStore.app */,
			);
			name = Products;
			sourceTree = "<group>";
		};
		570FA4EC2BD83E9A00294392 /* CocoaStore */ = {
			isa = PBXGroup;
			children = (
				570FA4ED2BD83E9A00294392 /* CocoaStoreApp.swift */,
				57B60CFD2BDD30CA00294392 /* Views */,
				57DFDBBB2BE2770400294392 /* Models */,
				57DFDBB82BE275D100294392 /* Extensions */,
				57B60D022BDD386700294392 /* Store */,
				570FA4F12BD83E9C00294392 /* Assets.xcassets */,
				570FA4F32BD83E9C00294392 /* Preview Content */,
			);
			path = CocoaStore;
			sourceTree = "<group>";
		};
		570FA4F32BD83E9C00294392 /* Preview Content */ = {
			isa = PBXGroup;
			children = (
				570FA4F42BD83E9C00294392 /* Preview Assets.xcassets */,
			);
			path = "Preview Content";
			sourceTree = "<group>";
		};
		57B60CFD2BDD30CA00294392 /* Views */ = {
			isa = PBXGroup;
			children = (
				570FA4EF2BD83E9A00294392 /* MainView.swift */,
				57B60D052BDD41EF00294392 /* StoreViews */,
				57B60CFE2BDD31CC00294392 /* LiveOnStageView.swift */,
				57B60D002BDD327A00294392 /* ProfileView.swift */,
			);
			path = Views;
			sourceTree = "<group>";
		};
		57B60D022BDD386700294392 /* Store */ = {
			isa = PBXGroup;
			children = (
				570FA4FB2BD83FAA00294392 /* CocoaStoreStoreKitConfiguration.storekit */,
				57DFDBB42BE274D800294392 /* PurchaseManager.swift */,
				57DFDBB62BE2759300294392 /* CocoaStoreViewModifier.swift */,
				5789B2272BE2E2C000294392 /* SubscriptionStatus.swift */,
				5789B2292BE2E4CF00294392 /* SubscriptionStatusTaskViewModifier.swift */,
			);
			path = Store;
			sourceTree = "<group>";
		};
		57B60D052BDD41EF00294392 /* StoreViews */ = {
			isa = PBXGroup;
			children = (
				57B60CFA2BDD30BC00294392 /* StoreView.swift */,
				57B60D032BDD41EA00294392 /* AutoRenewableSubscriptionStoreView.swift */,
				57B60D062BDD427700294392 /* ConsumablesStoreView.swift */,
			);
			path = StoreViews;
			sourceTree = "<group>";
		};
		57DFDBB82BE275D100294392 /* Extensions */ = {
			isa = PBXGroup;
			children = (
				57DFDBB92BE275E500294392 /* View+Extension.swift */,
				5789B2252BE2E28700294392 /* EnvironmentValues+Extension.swift */,
			);
			path = Extensions;
			sourceTree = "<group>";
		};
		57DFDBBB2BE2770400294392 /* Models */ = {
			isa = PBXGroup;
			children = (
				57DFDBC02BE2782C00294392 /* ProductID.swift */,
				5789B2232BE2E17100294392 /* SubscriptionIdentifiers.swift */,
			);
			path = Models;
			sourceTree = "<group>";
		};
/* End PBXGroup section */

/* Begin PBXNativeTarget section */
		570FA4E92BD83E9A00294392 /* CocoaStore */ = {
			isa = PBXNativeTarget;
			buildConfigurationList = 570FA4F82BD83E9C00294392 /* Build configuration list for PBXNativeTarget "CocoaStore" */;
			buildPhases = (
				570FA4E62BD83E9A00294392 /* Sources */,
				570FA4E72BD83E9A00294392 /* Frameworks */,
				570FA4E82BD83E9A00294392 /* Resources */,
			);
			buildRules = (
			);
			dependencies = (
			);
			name = CocoaStore;
			productName = CocoaStore;
			productReference = 570FA4EA2BD83E9A00294392 /* CocoaStore.app */;
			productType = "com.apple.product-type.application";
		};
/* End PBXNativeTarget section */

/* Begin PBXProject section */
		570FA4E22BD83E9A00294392 /* Project object */ = {
			isa = PBXProject;
			attributes = {
				BuildIndependentTargetsInParallel = 1;
				LastSwiftUpdateCheck = 1530;
				LastUpgradeCheck = 1530;
				TargetAttributes = {
					570FA4E92BD83E9A00294392 = {
						CreatedOnToolsVersion = 15.3;
					};
				};
			};
			buildConfigurationList = 570FA4E52BD83E9A00294392 /* Build configuration list for PBXProject "CocoaStore" */;
			compatibilityVersion = "Xcode 14.0";
			developmentRegion = en;
			hasScannedForEncodings = 0;
			knownRegions = (
				en,
				Base,
			);
			mainGroup = 570FA4E12BD83E9A00294392;
			productRefGroup = 570FA4EB2BD83E9A00294392 /* Products */;
			projectDirPath = "";
			projectRoot = "";
			targets = (
				570FA4E92BD83E9A00294392 /* CocoaStore */,
			);
		};
/* End PBXProject section */

/* Begin PBXResourcesBuildPhase section */
		570FA4E82BD83E9A00294392 /* Resources */ = {
			isa = PBXResourcesBuildPhase;
			buildActionMask = 2147483647;
			files = (
				570FA4F52BD83E9C00294392 /* Preview Assets.xcassets in Resources */,
				570FA4F22BD83E9C00294392 /* Assets.xcassets in Resources */,
			);
			runOnlyForDeploymentPostprocessing = 0;
		};
/* End PBXResourcesBuildPhase section */

/* Begin PBXSourcesBuildPhase section */
		570FA4E62BD83E9A00294392 /* Sources */ = {
			isa = PBXSourcesBuildPhase;
			buildActionMask = 2147483647;
			files = (
				57B60CFF2BDD31CC00294392 /* LiveOnStageView.swift in Sources */,
				5789B2242BE2E17100294392 /* SubscriptionIdentifiers.swift in Sources */,
				57B60D072BDD427700294392 /* ConsumablesStoreView.swift in Sources */,
				57DFDBBA2BE275E500294392 /* View+Extension.swift in Sources */,
				5789B22A2BE2E4CF00294392 /* SubscriptionStatusTaskViewModifier.swift in Sources */,
				570FA4F02BD83E9A00294392 /* MainView.swift in Sources */,
				57B60D012BDD327A00294392 /* ProfileView.swift in Sources */,
				57B60CFB2BDD30BC00294392 /* StoreView.swift in Sources */,
				5789B2262BE2E28700294392 /* EnvironmentValues+Extension.swift in Sources */,
				57B60D042BDD41EA00294392 /* AutoRenewableSubscriptionStoreView.swift in Sources */,
				57DFDBB52BE274D800294392 /* PurchaseManager.swift in Sources */,
				5789B2282BE2E2C000294392 /* SubscriptionStatus.swift in Sources */,
				57DFDBC12BE2782C00294392 /* ProductID.swift in Sources */,
				570FA4EE2BD83E9A00294392 /* CocoaStoreApp.swift in Sources */,
				57DFDBB72BE2759300294392 /* CocoaStoreViewModifier.swift in Sources */,
			);
			runOnlyForDeploymentPostprocessing = 0;
		};
/* End PBXSourcesBuildPhase section */

/* Begin XCBuildConfiguration section */
		570FA4F62BD83E9C00294392 /* Debug */ = {
			isa = XCBuildConfiguration;
			buildSettings = {
				ALWAYS_SEARCH_USER_PATHS = NO;
				ASSETCATALOG_COMPILER_GENERATE_SWIFT_ASSET_SYMBOL_EXTENSIONS = YES;
				CLANG_ANALYZER_NONNULL = YES;
				CLANG_ANALYZER_NUMBER_OBJECT_CONVERSION = YES_AGGRESSIVE;
				CLANG_CXX_LANGUAGE_STANDARD = "gnu++20";
				CLANG_ENABLE_MODULES = YES;
				CLANG_ENABLE_OBJC_ARC = YES;
				CLANG_ENABLE_OBJC_WEAK = YES;
				CLANG_WARN_BLOCK_CAPTURE_AUTORELEASING = YES;
				CLANG_WARN_BOOL_CONVERSION = YES;
				CLANG_WARN_COMMA = YES;
				CLANG_WARN_CONSTANT_CONVERSION = YES;
				CLANG_WARN_DEPRECATED_OBJC_IMPLEMENTATIONS = YES;
				CLANG_WARN_DIRECT_OBJC_ISA_USAGE = YES_ERROR;
				CLANG_WARN_DOCUMENTATION_COMMENTS = YES;
				CLANG_WARN_EMPTY_BODY = YES;
				CLANG_WARN_ENUM_CONVERSION = YES;
				CLANG_WARN_INFINITE_RECURSION = YES;
				CLANG_WARN_INT_CONVERSION = YES;
				CLANG_WARN_NON_LITERAL_NULL_CONVERSION = YES;
				CLANG_WARN_OBJC_IMPLICIT_RETAIN_SELF = YES;
				CLANG_WARN_OBJC_LITERAL_CONVERSION = YES;
				CLANG_WARN_OBJC_ROOT_CLASS = YES_ERROR;
				CLANG_WARN_QUOTED_INCLUDE_IN_FRAMEWORK_HEADER = YES;
				CLANG_WARN_RANGE_LOOP_ANALYSIS = YES;
				CLANG_WARN_STRICT_PROTOTYPES = YES;
				CLANG_WARN_SUSPICIOUS_MOVE = YES;
				CLANG_WARN_UNGUARDED_AVAILABILITY = YES_AGGRESSIVE;
				CLANG_WARN_UNREACHABLE_CODE = YES;
				CLANG_WARN__DUPLICATE_METHOD_MATCH = YES;
				COPY_PHASE_STRIP = NO;
				DEBUG_INFORMATION_FORMAT = dwarf;
				ENABLE_STRICT_OBJC_MSGSEND = YES;
				ENABLE_TESTABILITY = YES;
				ENABLE_USER_SCRIPT_SANDBOXING = YES;
				GCC_C_LANGUAGE_STANDARD = gnu17;
				GCC_DYNAMIC_NO_PIC = NO;
				GCC_NO_COMMON_BLOCKS = YES;
				GCC_OPTIMIZATION_LEVEL = 0;
				GCC_PREPROCESSOR_DEFINITIONS = (
					"DEBUG=1",
					"$(inherited)",
				);
				GCC_WARN_64_TO_32_BIT_CONVERSION = YES;
				GCC_WARN_ABOUT_RETURN_TYPE = YES_ERROR;
				GCC_WARN_UNDECLARED_SELECTOR = YES;
				GCC_WARN_UNINITIALIZED_AUTOS = YES_AGGRESSIVE;
				GCC_WARN_UNUSED_FUNCTION = YES;
				GCC_WARN_UNUSED_VARIABLE = YES;
				IPHONEOS_DEPLOYMENT_TARGET = 17.4;
				LOCALIZATION_PREFERS_STRING_CATALOGS = YES;
				MTL_ENABLE_DEBUG_INFO = INCLUDE_SOURCE;
				MTL_FAST_MATH = YES;
				ONLY_ACTIVE_ARCH = YES;
				SDKROOT = iphoneos;
				SWIFT_ACTIVE_COMPILATION_CONDITIONS = "DEBUG $(inherited)";
				SWIFT_OPTIMIZATION_LEVEL = "-Onone";
			};
			name = Debug;
		};
		570FA4F72BD83E9C00294392 /* Release */ = {
			isa = XCBuildConfiguration;
			buildSettings = {
				ALWAYS_SEARCH_USER_PATHS = NO;
				ASSETCATALOG_COMPILER_GENERATE_SWIFT_ASSET_SYMBOL_EXTENSIONS = YES;
				CLANG_ANALYZER_NONNULL = YES;
				CLANG_ANALYZER_NUMBER_OBJECT_CONVERSION = YES_AGGRESSIVE;
				CLANG_CXX_LANGUAGE_STANDARD = "gnu++20";
				CLANG_ENABLE_MODULES = YES;
				CLANG_ENABLE_OBJC_ARC = YES;
				CLANG_ENABLE_OBJC_WEAK = YES;
				CLANG_WARN_BLOCK_CAPTURE_AUTORELEASING = YES;
				CLANG_WARN_BOOL_CONVERSION = YES;
				CLANG_WARN_COMMA = YES;
				CLANG_WARN_CONSTANT_CONVERSION = YES;
				CLANG_WARN_DEPRECATED_OBJC_IMPLEMENTATIONS = YES;
				CLANG_WARN_DIRECT_OBJC_ISA_USAGE = YES_ERROR;
				CLANG_WARN_DOCUMENTATION_COMMENTS = YES;
				CLANG_WARN_EMPTY_BODY = YES;
				CLANG_WARN_ENUM_CONVERSION = YES;
				CLANG_WARN_INFINITE_RECURSION = YES;
				CLANG_WARN_INT_CONVERSION = YES;
				CLANG_WARN_NON_LITERAL_NULL_CONVERSION = YES;
				CLANG_WARN_OBJC_IMPLICIT_RETAIN_SELF = YES;
				CLANG_WARN_OBJC_LITERAL_CONVERSION = YES;
				CLANG_WARN_OBJC_ROOT_CLASS = YES_ERROR;
				CLANG_WARN_QUOTED_INCLUDE_IN_FRAMEWORK_HEADER = YES;
				CLANG_WARN_RANGE_LOOP_ANALYSIS = YES;
				CLANG_WARN_STRICT_PROTOTYPES = YES;
				CLANG_WARN_SUSPICIOUS_MOVE = YES;
				CLANG_WARN_UNGUARDED_AVAILABILITY = YES_AGGRESSIVE;
				CLANG_WARN_UNREACHABLE_CODE = YES;
				CLANG_WARN__DUPLICATE_METHOD_MATCH = YES;
				COPY_PHASE_STRIP = NO;
				DEBUG_INFORMATION_FORMAT = "dwarf-with-dsym";
				ENABLE_NS_ASSERTIONS = NO;
				ENABLE_STRICT_OBJC_MSGSEND = YES;
				ENABLE_USER_SCRIPT_SANDBOXING = YES;
				GCC_C_LANGUAGE_STANDARD = gnu17;
				GCC_NO_COMMON_BLOCKS = YES;
				GCC_WARN_64_TO_32_BIT_CONVERSION = YES;
				GCC_WARN_ABOUT_RETURN_TYPE = YES_ERROR;
				GCC_WARN_UNDECLARED_SELECTOR = YES;
				GCC_WARN_UNINITIALIZED_AUTOS = YES_AGGRESSIVE;
				GCC_WARN_UNUSED_FUNCTION = YES;
				GCC_WARN_UNUSED_VARIABLE = YES;
				IPHONEOS_DEPLOYMENT_TARGET = 17.4;
				LOCALIZATION_PREFERS_STRING_CATALOGS = YES;
				MTL_ENABLE_DEBUG_INFO = NO;
				MTL_FAST_MATH = YES;
				SDKROOT = iphoneos;
				SWIFT_COMPILATION_MODE = wholemodule;
				VALIDATE_PRODUCT = YES;
			};
			name = Release;
		};
		570FA4F92BD83E9C00294392 /* Debug */ = {
			isa = XCBuildConfiguration;
			buildSettings = {
				ASSETCATALOG_COMPILER_APPICON_NAME = AppIcon;
				ASSETCATALOG_COMPILER_GLOBAL_ACCENT_COLOR_NAME = AccentColor;
				CODE_SIGN_STYLE = Automatic;
				CURRENT_PROJECT_VERSION = 1;
				DEVELOPMENT_ASSET_PATHS = "\"CocoaStore/Preview Content\"";
				DEVELOPMENT_TEAM = G7HRH2B3C7;
				ENABLE_PREVIEWS = YES;
				GENERATE_INFOPLIST_FILE = YES;
				INFOPLIST_KEY_CFBundleDisplayName = "Cocoa Store";
				INFOPLIST_KEY_UIApplicationSceneManifest_Generation = YES;
				INFOPLIST_KEY_UIApplicationSupportsIndirectInputEvents = YES;
				INFOPLIST_KEY_UILaunchScreen_Generation = YES;
				INFOPLIST_KEY_UISupportedInterfaceOrientations_iPad = "UIInterfaceOrientationPortrait UIInterfaceOrientationPortraitUpsideDown UIInterfaceOrientationLandscapeLeft UIInterfaceOrientationLandscapeRight";
				INFOPLIST_KEY_UISupportedInterfaceOrientations_iPhone = "UIInterfaceOrientationPortrait UIInterfaceOrientationLandscapeLeft UIInterfaceOrientationLandscapeRight";
				LD_RUNPATH_SEARCH_PATHS = (
					"$(inherited)",
					"@executable_path/Frameworks",
				);
				MARKETING_VERSION = 1.0;
				PRODUCT_BUNDLE_IDENTIFIER = dev.xbow.CocoaStore;
				PRODUCT_NAME = "$(TARGET_NAME)";
				SWIFT_EMIT_LOC_STRINGS = YES;
				SWIFT_VERSION = 5.0;
				TARGETED_DEVICE_FAMILY = "1,2";
			};
			name = Debug;
		};
		570FA4FA2BD83E9C00294392 /* Release */ = {
			isa = XCBuildConfiguration;
			buildSettings = {
				ASSETCATALOG_COMPILER_APPICON_NAME = AppIcon;
				ASSETCATALOG_COMPILER_GLOBAL_ACCENT_COLOR_NAME = AccentColor;
				CODE_SIGN_STYLE = Automatic;
				CURRENT_PROJECT_VERSION = 1;
				DEVELOPMENT_ASSET_PATHS = "\"CocoaStore/Preview Content\"";
				DEVELOPMENT_TEAM = G7HRH2B3C7;
				ENABLE_PREVIEWS = YES;
				GENERATE_INFOPLIST_FILE = YES;
				INFOPLIST_KEY_CFBundleDisplayName = "Cocoa Store";
				INFOPLIST_KEY_UIApplicationSceneManifest_Generation = YES;
				INFOPLIST_KEY_UIApplicationSupportsIndirectInputEvents = YES;
				INFOPLIST_KEY_UILaunchScreen_Generation = YES;
				INFOPLIST_KEY_UISupportedInterfaceOrientations_iPad = "UIInterfaceOrientationPortrait UIInterfaceOrientationPortraitUpsideDown UIInterfaceOrientationLandscapeLeft UIInterfaceOrientationLandscapeRight";
				INFOPLIST_KEY_UISupportedInterfaceOrientations_iPhone = "UIInterfaceOrientationPortrait UIInterfaceOrientationLandscapeLeft UIInterfaceOrientationLandscapeRight";
				LD_RUNPATH_SEARCH_PATHS = (
					"$(inherited)",
					"@executable_path/Frameworks",
				);
				MARKETING_VERSION = 1.0;
				PRODUCT_BUNDLE_IDENTIFIER = dev.xbow.CocoaStore;
				PRODUCT_NAME = "$(TARGET_NAME)";
				SWIFT_EMIT_LOC_STRINGS = YES;
				SWIFT_VERSION = 5.0;
				TARGETED_DEVICE_FAMILY = "1,2";
			};
			name = Release;
		};
/* End XCBuildConfiguration section */

/* Begin XCConfigurationList section */
		570FA4E52BD83E9A00294392 /* Build configuration list for PBXProject "CocoaStore" */ = {
			isa = XCConfigurationList;
			buildConfigurations = (
				570FA4F62BD83E9C00294392 /* Debug */,
				570FA4F72BD83E9C00294392 /* Release */,
			);
			defaultConfigurationIsVisible = 0;
			defaultConfigurationName = Release;
		};
		570FA4F82BD83E9C00294392 /* Build configuration list for PBXNativeTarget "CocoaStore" */ = {
			isa = XCConfigurationList;
			buildConfigurations = (
				570FA4F92BD83E9C00294392 /* Debug */,
				570FA4FA2BD83E9C00294392 /* Release */,
			);
			defaultConfigurationIsVisible = 0;
			defaultConfigurationName = Release;
		};
/* End XCConfigurationList section */
	};
	rootObject = 570FA4E22BD83E9A00294392 /* Project object */;
}
